{
  "object": {
    "pins": [
      {
        "package": "CupertinoJWT",
        "repositoryURL": "https://github.com/terwanerik/CupertinoJWT",
        "state": {
          "branch": null,
          "revision": "9da2dee3a013b26ae7c07f73217c6c6092f9bbe9",
          "version": "0.2.2"
        }
      }
    ]
  },
  "version": 1
}
